// !$*UTF8*$!
{
	archiveVersion = 1;
	classes = {
	};
	objectVersion = 46;
	objects = {

/* Begin PBXBuildFile section */
		B8267F30162F48B00069C6ED /* TestModel2.m in Sources */ = {isa = PBXBuildFile; fileRef = B8267F2F162F48B00069C6ED /* TestModel2.m */; };
		B8283BCE1626095500A54557 /* TestScriptFile.m in Sources */ = {isa = PBXBuildFile; fileRef = B8283BCD1626095500A54557 /* TestScriptFile.m */; };
		B8283BD2162642D700A54557 /* MODbModelMeta.m in Sources */ = {isa = PBXBuildFile; fileRef = B8283BD1162642D700A54557 /* MODbModelMeta.m */; };
		B8283BD51626430900A54557 /* ModelMetaTests.m in Sources */ = {isa = PBXBuildFile; fileRef = B8283BD41626430900A54557 /* ModelMetaTests.m */; };
		B82EB5AC161C340E00D7FB19 /* libsqlite3.0.dylib in Frameworks */ = {isa = PBXBuildFile; fileRef = B82EB5AB161C340E00D7FB19 /* libsqlite3.0.dylib */; };
		B82EB5B2161C352300D7FB19 /* HomeViewController.m in Sources */ = {isa = PBXBuildFile; fileRef = B82EB5B0161C352300D7FB19 /* HomeViewController.m */; };
		B82EB5B3161C352300D7FB19 /* HomeViewController.xib in Resources */ = {isa = PBXBuildFile; fileRef = B82EB5B1161C352300D7FB19 /* HomeViewController.xib */; };
		B82EB5B6161C356D00D7FB19 /* Contact.m in Sources */ = {isa = PBXBuildFile; fileRef = B82EB5B5161C356D00D7FB19 /* Contact.m */; };
		B861C1D31693ECE20042A824 /* MOScriptFile.m in Sources */ = {isa = PBXBuildFile; fileRef = B861C1D21693ECE20042A824 /* MOScriptFile.m */; };
		B89279AC161C263F00091333 /* UIKit.framework in Frameworks */ = {isa = PBXBuildFile; fileRef = B89279AB161C263F00091333 /* UIKit.framework */; };
		B89279AE161C263F00091333 /* Foundation.framework in Frameworks */ = {isa = PBXBuildFile; fileRef = B89279AD161C263F00091333 /* Foundation.framework */; };
		B89279B0161C263F00091333 /* CoreGraphics.framework in Frameworks */ = {isa = PBXBuildFile; fileRef = B89279AF161C263F00091333 /* CoreGraphics.framework */; };
		B89279CA161C264000091333 /* SenTestingKit.framework in Frameworks */ = {isa = PBXBuildFile; fileRef = B89279C9161C264000091333 /* SenTestingKit.framework */; };
		B89279CB161C264000091333 /* UIKit.framework in Frameworks */ = {isa = PBXBuildFile; fileRef = B89279AB161C263F00091333 /* UIKit.framework */; };
		B89279CC161C264000091333 /* Foundation.framework in Frameworks */ = {isa = PBXBuildFile; fileRef = B89279AD161C263F00091333 /* Foundation.framework */; };
		B89279D4161C264000091333 /* InfoPlist.strings in Resources */ = {isa = PBXBuildFile; fileRef = B89279D2161C264000091333 /* InfoPlist.strings */; };
		B89279D7161C264000091333 /* DatabaseConnectTests.m in Sources */ = {isa = PBXBuildFile; fileRef = B89279D6161C264000091333 /* DatabaseConnectTests.m */; };
		B89279E7161C273D00091333 /* main.m in Sources */ = {isa = PBXBuildFile; fileRef = B89279E2161C273D00091333 /* main.m */; };
		B89279E8161C273D00091333 /* MOAppDelegate.m in Sources */ = {isa = PBXBuildFile; fileRef = B89279E4161C273D00091333 /* MOAppDelegate.m */; };
		B89279EE161C293A00091333 /* Default-568h@2x.png in Resources */ = {isa = PBXBuildFile; fileRef = B89279ED161C293A00091333 /* Default-568h@2x.png */; };
		B89279F5161C29AE00091333 /* MORepository.m in Sources */ = {isa = PBXBuildFile; fileRef = B89279F4161C29AE00091333 /* MORepository.m */; };
		B8D271BB161F039600643555 /* test.db in Resources */ = {isa = PBXBuildFile; fileRef = B8D271BA161F039600643555 /* test.db */; };
		B8D271C0161F0A9B00643555 /* test.db in Resources */ = {isa = PBXBuildFile; fileRef = B8D271BA161F039600643555 /* test.db */; };
		B8D271D91620048500643555 /* MigrationsTests.m in Sources */ = {isa = PBXBuildFile; fileRef = B8D271D81620048500643555 /* MigrationsTests.m */; };
		B8D271DD162020B500643555 /* MODbMigrator.m in Sources */ = {isa = PBXBuildFile; fileRef = B8D271DC162020B500643555 /* MODbMigrator.m */; };
		B8EB31B5161E79B300B6389F /* DatabaseTests.m in Sources */ = {isa = PBXBuildFile; fileRef = B8EB31B4161E79B300B6389F /* DatabaseTests.m */; };
		B8EB31B8161E7D7900B6389F /* TestModel.m in Sources */ = {isa = PBXBuildFile; fileRef = B8EB31B7161E7D7900B6389F /* TestModel.m */; };
/* End PBXBuildFile section */

/* Begin PBXContainerItemProxy section */
		B89279CD161C264000091333 /* PBXContainerItemProxy */ = {
			isa = PBXContainerItemProxy;
			containerPortal = B892799E161C263F00091333 /* Project object */;
			proxyType = 1;
			remoteGlobalIDString = B89279A6161C263F00091333;
			remoteInfo = ObjCMiniORM;
		};
/* End PBXContainerItemProxy section */

/* Begin PBXFileReference section */
		B8267F2E162F48B00069C6ED /* TestModel2.h */ = {isa = PBXFileReference; fileEncoding = 4; lastKnownFileType = sourcecode.c.h; path = TestModel2.h; sourceTree = "<group>"; };
		B8267F2F162F48B00069C6ED /* TestModel2.m */ = {isa = PBXFileReference; fileEncoding = 4; lastKnownFileType = sourcecode.c.objc; path = TestModel2.m; sourceTree = "<group>"; };
		B8283BCC1626095500A54557 /* TestScriptFile.h */ = {isa = PBXFileReference; fileEncoding = 4; lastKnownFileType = sourcecode.c.h; path = TestScriptFile.h; sourceTree = "<group>"; };
		B8283BCD1626095500A54557 /* TestScriptFile.m */ = {isa = PBXFileReference; fileEncoding = 4; lastKnownFileType = sourcecode.c.objc; path = TestScriptFile.m; sourceTree = "<group>"; };
		B8283BD0162642D700A54557 /* MODbModelMeta.h */ = {isa = PBXFileReference; fileEncoding = 4; lastKnownFileType = sourcecode.c.h; path = MODbModelMeta.h; sourceTree = "<group>"; };
		B8283BD1162642D700A54557 /* MODbModelMeta.m */ = {isa = PBXFileReference; fileEncoding = 4; lastKnownFileType = sourcecode.c.objc; path = MODbModelMeta.m; sourceTree = "<group>"; };
		B8283BD31626430900A54557 /* ModelMetaTests.h */ = {isa = PBXFileReference; fileEncoding = 4; lastKnownFileType = sourcecode.c.h; path = ModelMetaTests.h; sourceTree = "<group>"; };
		B8283BD41626430900A54557 /* ModelMetaTests.m */ = {isa = PBXFileReference; fileEncoding = 4; lastKnownFileType = sourcecode.c.objc; path = ModelMetaTests.m; sourceTree = "<group>"; };
		B82EB5AB161C340E00D7FB19 /* libsqlite3.0.dylib */ = {isa = PBXFileReference; lastKnownFileType = "compiled.mach-o.dylib"; name = libsqlite3.0.dylib; path = usr/lib/libsqlite3.0.dylib; sourceTree = SDKROOT; };
		B82EB5AF161C352300D7FB19 /* HomeViewController.h */ = {isa = PBXFileReference; fileEncoding = 4; lastKnownFileType = sourcecode.c.h; path = HomeViewController.h; sourceTree = "<group>"; };
		B82EB5B0161C352300D7FB19 /* HomeViewController.m */ = {isa = PBXFileReference; fileEncoding = 4; lastKnownFileType = sourcecode.c.objc; path = HomeViewController.m; sourceTree = "<group>"; };
		B82EB5B1161C352300D7FB19 /* HomeViewController.xib */ = {isa = PBXFileReference; fileEncoding = 4; lastKnownFileType = file.xib; path = HomeViewController.xib; sourceTree = "<group>"; };
		B82EB5B4161C356D00D7FB19 /* Contact.h */ = {isa = PBXFileReference; fileEncoding = 4; lastKnownFileType = sourcecode.c.h; path = Contact.h; sourceTree = "<group>"; };
		B82EB5B5161C356D00D7FB19 /* Contact.m */ = {isa = PBXFileReference; fileEncoding = 4; lastKnownFileType = sourcecode.c.objc; path = Contact.m; sourceTree = "<group>"; };
		B861C1D11693ECE20042A824 /* MOScriptFile.h */ = {isa = PBXFileReference; fileEncoding = 4; lastKnownFileType = sourcecode.c.h; path = MOScriptFile.h; sourceTree = "<group>"; };
		B861C1D21693ECE20042A824 /* MOScriptFile.m */ = {isa = PBXFileReference; fileEncoding = 4; lastKnownFileType = sourcecode.c.objc; path = MOScriptFile.m; sourceTree = "<group>"; };
		B89279A7161C263F00091333 /* ObjCMiniORM.app */ = {isa = PBXFileReference; explicitFileType = wrapper.application; includeInIndex = 0; path = ObjCMiniORM.app; sourceTree = BUILT_PRODUCTS_DIR; };
		B89279AB161C263F00091333 /* UIKit.framework */ = {isa = PBXFileReference; lastKnownFileType = wrapper.framework; name = UIKit.framework; path = System/Library/Frameworks/UIKit.framework; sourceTree = SDKROOT; };
		B89279AD161C263F00091333 /* Foundation.framework */ = {isa = PBXFileReference; lastKnownFileType = wrapper.framework; name = Foundation.framework; path = System/Library/Frameworks/Foundation.framework; sourceTree = SDKROOT; };
		B89279AF161C263F00091333 /* CoreGraphics.framework */ = {isa = PBXFileReference; lastKnownFileType = wrapper.framework; name = CoreGraphics.framework; path = System/Library/Frameworks/CoreGraphics.framework; sourceTree = SDKROOT; };
		B89279C8161C264000091333 /* ObjCMiniORMTests.octest */ = {isa = PBXFileReference; explicitFileType = wrapper.cfbundle; includeInIndex = 0; path = ObjCMiniORMTests.octest; sourceTree = BUILT_PRODUCTS_DIR; };
		B89279C9161C264000091333 /* SenTestingKit.framework */ = {isa = PBXFileReference; lastKnownFileType = wrapper.framework; name = SenTestingKit.framework; path = Library/Frameworks/SenTestingKit.framework; sourceTree = DEVELOPER_DIR; };
		B89279D1161C264000091333 /* ObjCMiniORMTests-Info.plist */ = {isa = PBXFileReference; lastKnownFileType = text.plist.xml; path = "ObjCMiniORMTests-Info.plist"; sourceTree = "<group>"; };
		B89279D3161C264000091333 /* en */ = {isa = PBXFileReference; lastKnownFileType = text.plist.strings; name = en; path = en.lproj/InfoPlist.strings; sourceTree = "<group>"; };
		B89279D5161C264000091333 /* DatabaseConnectTests.h */ = {isa = PBXFileReference; lastKnownFileType = sourcecode.c.h; path = DatabaseConnectTests.h; sourceTree = "<group>"; };
		B89279D6161C264000091333 /* DatabaseConnectTests.m */ = {isa = PBXFileReference; lastKnownFileType = sourcecode.c.objc; path = DatabaseConnectTests.m; sourceTree = "<group>"; };
		B89279E2161C273D00091333 /* main.m */ = {isa = PBXFileReference; fileEncoding = 4; lastKnownFileType = sourcecode.c.objc; path = main.m; sourceTree = "<group>"; };
		B89279E3161C273D00091333 /* MOAppDelegate.h */ = {isa = PBXFileReference; fileEncoding = 4; lastKnownFileType = sourcecode.c.h; path = MOAppDelegate.h; sourceTree = "<group>"; };
		B89279E4161C273D00091333 /* MOAppDelegate.m */ = {isa = PBXFileReference; fileEncoding = 4; lastKnownFileType = sourcecode.c.objc; path = MOAppDelegate.m; sourceTree = "<group>"; };
		B89279E5161C273D00091333 /* ObjCMiniORM-Info.plist */ = {isa = PBXFileReference; fileEncoding = 4; lastKnownFileType = text.plist.xml; path = "ObjCMiniORM-Info.plist"; sourceTree = "<group>"; };
		B89279E6161C273D00091333 /* ObjCMiniORM-Prefix.pch */ = {isa = PBXFileReference; fileEncoding = 4; lastKnownFileType = sourcecode.c.h; path = "ObjCMiniORM-Prefix.pch"; sourceTree = "<group>"; };
		B89279ED161C293A00091333 /* Default-568h@2x.png */ = {isa = PBXFileReference; lastKnownFileType = image.png; path = "Default-568h@2x.png"; sourceTree = "<group>"; };
		B89279F3161C29AE00091333 /* MORepository.h */ = {isa = PBXFileReference; fileEncoding = 4; lastKnownFileType = sourcecode.c.h; path = MORepository.h; sourceTree = "<group>"; };
		B89279F4161C29AE00091333 /* MORepository.m */ = {isa = PBXFileReference; fileEncoding = 4; lastKnownFileType = sourcecode.c.objc; path = MORepository.m; sourceTree = "<group>"; };
		B8D271BA161F039600643555 /* test.db */ = {isa = PBXFileReference; lastKnownFileType = file; path = test.db; sourceTree = "<group>"; };
		B8D271D71620048500643555 /* MigrationsTests.h */ = {isa = PBXFileReference; fileEncoding = 4; lastKnownFileType = sourcecode.c.h; path = MigrationsTests.h; sourceTree = "<group>"; };
		B8D271D81620048500643555 /* MigrationsTests.m */ = {isa = PBXFileReference; fileEncoding = 4; lastKnownFileType = sourcecode.c.objc; path = MigrationsTests.m; sourceTree = "<group>"; };
		B8D271DB162020B500643555 /* MODbMigrator.h */ = {isa = PBXFileReference; fileEncoding = 4; lastKnownFileType = sourcecode.c.h; path = MODbMigrator.h; sourceTree = "<group>"; };
		B8D271DC162020B500643555 /* MODbMigrator.m */ = {isa = PBXFileReference; fileEncoding = 4; lastKnownFileType = sourcecode.c.objc; path = MODbMigrator.m; sourceTree = "<group>"; };
		B8EB31B3161E79B300B6389F /* DatabaseTests.h */ = {isa = PBXFileReference; fileEncoding = 4; lastKnownFileType = sourcecode.c.h; path = DatabaseTests.h; sourceTree = "<group>"; };
		B8EB31B4161E79B300B6389F /* DatabaseTests.m */ = {isa = PBXFileReference; fileEncoding = 4; lastKnownFileType = sourcecode.c.objc; path = DatabaseTests.m; sourceTree = "<group>"; };
		B8EB31B6161E7D7900B6389F /* TestModel.h */ = {isa = PBXFileReference; fileEncoding = 4; lastKnownFileType = sourcecode.c.h; path = TestModel.h; sourceTree = "<group>"; };
		B8EB31B7161E7D7900B6389F /* TestModel.m */ = {isa = PBXFileReference; fileEncoding = 4; lastKnownFileType = sourcecode.c.objc; path = TestModel.m; sourceTree = "<group>"; };
/* End PBXFileReference section */

/* Begin PBXFrameworksBuildPhase section */
		B89279A4161C263F00091333 /* Frameworks */ = {
			isa = PBXFrameworksBuildPhase;
			buildActionMask = 2147483647;
			files = (
				B82EB5AC161C340E00D7FB19 /* libsqlite3.0.dylib in Frameworks */,
				B89279AC161C263F00091333 /* UIKit.framework in Frameworks */,
				B89279AE161C263F00091333 /* Foundation.framework in Frameworks */,
				B89279B0161C263F00091333 /* CoreGraphics.framework in Frameworks */,
			);
			runOnlyForDeploymentPostprocessing = 0;
		};
		B89279C4161C264000091333 /* Frameworks */ = {
			isa = PBXFrameworksBuildPhase;
			buildActionMask = 2147483647;
			files = (
				B89279CA161C264000091333 /* SenTestingKit.framework in Frameworks */,
				B89279CB161C264000091333 /* UIKit.framework in Frameworks */,
				B89279CC161C264000091333 /* Foundation.framework in Frameworks */,
			);
			runOnlyForDeploymentPostprocessing = 0;
		};
/* End PBXFrameworksBuildPhase section */

/* Begin PBXGroup section */
		B82EB5AE161C34D700D7FB19 /* Sample */ = {
			isa = PBXGroup;
			children = (
				B82EB5AF161C352300D7FB19 /* HomeViewController.h */,
				B82EB5B0161C352300D7FB19 /* HomeViewController.m */,
				B82EB5B1161C352300D7FB19 /* HomeViewController.xib */,
				B82EB5B4161C356D00D7FB19 /* Contact.h */,
				B82EB5B5161C356D00D7FB19 /* Contact.m */,
			);
			path = Sample;
			sourceTree = "<group>";
		};
		B892799C161C263F00091333 = {
			isa = PBXGroup;
			children = (
				B89279B1161C263F00091333 /* ObjCMiniORM */,
				B89279CF161C264000091333 /* ObjCMiniORMTests */,
				B89279AA161C263F00091333 /* Frameworks */,
				B89279A8161C263F00091333 /* Products */,
			);
			sourceTree = "<group>";
		};
		B89279A8161C263F00091333 /* Products */ = {
			isa = PBXGroup;
			children = (
				B89279A7161C263F00091333 /* ObjCMiniORM.app */,
				B89279C8161C264000091333 /* ObjCMiniORMTests.octest */,
			);
			name = Products;
			sourceTree = "<group>";
		};
		B89279AA161C263F00091333 /* Frameworks */ = {
			isa = PBXGroup;
			children = (
				B82EB5AB161C340E00D7FB19 /* libsqlite3.0.dylib */,
				B89279AB161C263F00091333 /* UIKit.framework */,
				B89279AD161C263F00091333 /* Foundation.framework */,
				B89279AF161C263F00091333 /* CoreGraphics.framework */,
				B89279C9161C264000091333 /* SenTestingKit.framework */,
			);
			name = Frameworks;
			sourceTree = "<group>";
		};
		B89279B1161C263F00091333 /* ObjCMiniORM */ = {
			isa = PBXGroup;
			children = (
				B82EB5AE161C34D700D7FB19 /* Sample */,
				B89279EC161C293A00091333 /* Images */,
				B89279E1161C273D00091333 /* SupportingFIles */,
				B89279E0161C26FB00091333 /* MiniORM */,
			);
			path = ObjCMiniORM;
			sourceTree = "<group>";
		};
		B89279CF161C264000091333 /* ObjCMiniORMTests */ = {
			isa = PBXGroup;
			children = (
				B8D271BA161F039600643555 /* test.db */,
				B89279D5161C264000091333 /* DatabaseConnectTests.h */,
				B89279D6161C264000091333 /* DatabaseConnectTests.m */,
				B8EB31B3161E79B300B6389F /* DatabaseTests.h */,
				B8EB31B4161E79B300B6389F /* DatabaseTests.m */,
				B8D271D71620048500643555 /* MigrationsTests.h */,
				B8D271D81620048500643555 /* MigrationsTests.m */,
				B8EB31B6161E7D7900B6389F /* TestModel.h */,
				B8EB31B7161E7D7900B6389F /* TestModel.m */,
				B8267F2E162F48B00069C6ED /* TestModel2.h */,
				B8267F2F162F48B00069C6ED /* TestModel2.m */,
				B8283BCC1626095500A54557 /* TestScriptFile.h */,
				B8283BCD1626095500A54557 /* TestScriptFile.m */,
				B8283BD31626430900A54557 /* ModelMetaTests.h */,
				B8283BD41626430900A54557 /* ModelMetaTests.m */,
				B89279D0161C264000091333 /* Supporting Files */,
			);
			path = ObjCMiniORMTests;
			sourceTree = "<group>";
		};
		B89279D0161C264000091333 /* Supporting Files */ = {
			isa = PBXGroup;
			children = (
				B89279D1161C264000091333 /* ObjCMiniORMTests-Info.plist */,
				B89279D2161C264000091333 /* InfoPlist.strings */,
			);
			name = "Supporting Files";
			sourceTree = "<group>";
		};
		B89279E0161C26FB00091333 /* MiniORM */ = {
			isa = PBXGroup;
			children = (
				B89279F3161C29AE00091333 /* MORepository.h */,
				B89279F4161C29AE00091333 /* MORepository.m */,
				B8D271DB162020B500643555 /* MODbMigrator.h */,
				B8D271DC162020B500643555 /* MODbMigrator.m */,
				B8283BD0162642D700A54557 /* MODbModelMeta.h */,
				B8283BD1162642D700A54557 /* MODbModelMeta.m */,
				B861C1D11693ECE20042A824 /* MOScriptFile.h */,
				B861C1D21693ECE20042A824 /* MOScriptFile.m */,
			);
			path = MiniORM;
			sourceTree = "<group>";
		};
		B89279E1161C273D00091333 /* SupportingFIles */ = {
			isa = PBXGroup;
			children = (
				B89279E2161C273D00091333 /* main.m */,
				B89279E3161C273D00091333 /* MOAppDelegate.h */,
				B89279E4161C273D00091333 /* MOAppDelegate.m */,
				B89279E5161C273D00091333 /* ObjCMiniORM-Info.plist */,
				B89279E6161C273D00091333 /* ObjCMiniORM-Prefix.pch */,
			);
			path = SupportingFIles;
			sourceTree = "<group>";
		};
		B89279EC161C293A00091333 /* Images */ = {
			isa = PBXGroup;
			children = (
				B89279ED161C293A00091333 /* Default-568h@2x.png */,
			);
			path = Images;
			sourceTree = "<group>";
		};
/* End PBXGroup section */

/* Begin PBXNativeTarget section */
		B89279A6161C263F00091333 /* ObjCMiniORM */ = {
			isa = PBXNativeTarget;
			buildConfigurationList = B89279DA161C264000091333 /* Build configuration list for PBXNativeTarget "ObjCMiniORM" */;
			buildPhases = (
				B89279A3161C263F00091333 /* Sources */,
				B89279A4161C263F00091333 /* Frameworks */,
				B89279A5161C263F00091333 /* Resources */,
			);
			buildRules = (
			);
			dependencies = (
			);
			name = ObjCMiniORM;
			productName = ObjCMiniORM;
			productReference = B89279A7161C263F00091333 /* ObjCMiniORM.app */;
			productType = "com.apple.product-type.application";
		};
		B89279C7161C264000091333 /* ObjCMiniORMTests */ = {
			isa = PBXNativeTarget;
			buildConfigurationList = B89279DD161C264000091333 /* Build configuration list for PBXNativeTarget "ObjCMiniORMTests" */;
			buildPhases = (
				B89279C3161C264000091333 /* Sources */,
				B89279C4161C264000091333 /* Frameworks */,
				B89279C5161C264000091333 /* Resources */,
				B89279C6161C264000091333 /* ShellScript */,
			);
			buildRules = (
			);
			dependencies = (
				B89279CE161C264000091333 /* PBXTargetDependency */,
			);
			name = ObjCMiniORMTests;
			productName = ObjCMiniORMTests;
			productReference = B89279C8161C264000091333 /* ObjCMiniORMTests.octest */;
			productType = "com.apple.product-type.bundle";
		};
/* End PBXNativeTarget section */

/* Begin PBXProject section */
		B892799E161C263F00091333 /* Project object */ = {
			isa = PBXProject;
			attributes = {
				CLASSPREFIX = MO;
				LastUpgradeCheck = 0450;
				ORGANIZATIONNAME = "Kirmanie Ravariere";
			};
			buildConfigurationList = B89279A1161C263F00091333 /* Build configuration list for PBXProject "ObjCMiniORM" */;
			compatibilityVersion = "Xcode 3.2";
			developmentRegion = English;
			hasScannedForEncodings = 0;
			knownRegions = (
				en,
			);
			mainGroup = B892799C161C263F00091333;
			productRefGroup = B89279A8161C263F00091333 /* Products */;
			projectDirPath = "";
			projectRoot = "";
			targets = (
				B89279A6161C263F00091333 /* ObjCMiniORM */,
				B89279C7161C264000091333 /* ObjCMiniORMTests */,
			);
		};
/* End PBXProject section */

/* Begin PBXResourcesBuildPhase section */
		B89279A5161C263F00091333 /* Resources */ = {
			isa = PBXResourcesBuildPhase;
			buildActionMask = 2147483647;
			files = (
				B89279EE161C293A00091333 /* Default-568h@2x.png in Resources */,
				B8D271C0161F0A9B00643555 /* test.db in Resources */,
				B82EB5B3161C352300D7FB19 /* HomeViewController.xib in Resources */,
			);
			runOnlyForDeploymentPostprocessing = 0;
		};
		B89279C5161C264000091333 /* Resources */ = {
			isa = PBXResourcesBuildPhase;
			buildActionMask = 2147483647;
			files = (
				B89279D4161C264000091333 /* InfoPlist.strings in Resources */,
				B8D271BB161F039600643555 /* test.db in Resources */,
			);
			runOnlyForDeploymentPostprocessing = 0;
		};
/* End PBXResourcesBuildPhase section */

/* Begin PBXShellScriptBuildPhase section */
		B89279C6161C264000091333 /* ShellScript */ = {
			isa = PBXShellScriptBuildPhase;
			buildActionMask = 2147483647;
			files = (
			);
			inputPaths = (
			);
			outputPaths = (
			);
			runOnlyForDeploymentPostprocessing = 0;
			shellPath = /bin/sh;
			shellScript = "# Run the unit tests in this test bundle.\n\"${SYSTEM_DEVELOPER_DIR}/Tools/RunUnitTests\"\n";
		};
/* End PBXShellScriptBuildPhase section */

/* Begin PBXSourcesBuildPhase section */
		B89279A3161C263F00091333 /* Sources */ = {
			isa = PBXSourcesBuildPhase;
			buildActionMask = 2147483647;
			files = (
				B89279E7161C273D00091333 /* main.m in Sources */,
				B89279E8161C273D00091333 /* MOAppDelegate.m in Sources */,
				B89279F5161C29AE00091333 /* MORepository.m in Sources */,
				B82EB5B2161C352300D7FB19 /* HomeViewController.m in Sources */,
				B82EB5B6161C356D00D7FB19 /* Contact.m in Sources */,
				B8D271DD162020B500643555 /* MODbMigrator.m in Sources */,
				B8283BD2162642D700A54557 /* MODbModelMeta.m in Sources */,
				B861C1D31693ECE20042A824 /* MOScriptFile.m in Sources */,
			);
			runOnlyForDeploymentPostprocessing = 0;
		};
		B89279C3161C264000091333 /* Sources */ = {
			isa = PBXSourcesBuildPhase;
			buildActionMask = 2147483647;
			files = (
				B89279D7161C264000091333 /* DatabaseConnectTests.m in Sources */,
				B8EB31B5161E79B300B6389F /* DatabaseTests.m in Sources */,
				B8EB31B8161E7D7900B6389F /* TestModel.m in Sources */,
				B8D271D91620048500643555 /* MigrationsTests.m in Sources */,
				B8283BCE1626095500A54557 /* TestScriptFile.m in Sources */,
				B8283BD51626430900A54557 /* ModelMetaTests.m in Sources */,
				B8267F30162F48B00069C6ED /* TestModel2.m in Sources */,
			);
			runOnlyForDeploymentPostprocessing = 0;
		};
/* End PBXSourcesBuildPhase section */

/* Begin PBXTargetDependency section */
		B89279CE161C264000091333 /* PBXTargetDependency */ = {
			isa = PBXTargetDependency;
			target = B89279A6161C263F00091333 /* ObjCMiniORM */;
			targetProxy = B89279CD161C264000091333 /* PBXContainerItemProxy */;
		};
/* End PBXTargetDependency section */

/* Begin PBXVariantGroup section */
		B89279D2161C264000091333 /* InfoPlist.strings */ = {
			isa = PBXVariantGroup;
			children = (
				B89279D3161C264000091333 /* en */,
			);
			name = InfoPlist.strings;
			sourceTree = "<group>";
		};
/* End PBXVariantGroup section */

/* Begin XCBuildConfiguration section */
		B89279D8161C264000091333 /* Debug */ = {
			isa = XCBuildConfiguration;
			buildSettings = {
				ALWAYS_SEARCH_USER_PATHS = NO;
				CLANG_CXX_LANGUAGE_STANDARD = "gnu++0x";
				CLANG_CXX_LIBRARY = "libc++";
				CLANG_WARN_EMPTY_BODY = YES;
				CLANG_WARN__DUPLICATE_METHOD_MATCH = YES;
				"CODE_SIGN_IDENTITY[sdk=iphoneos*]" = "iPhone Developer";
				COPY_PHASE_STRIP = NO;
				GCC_C_LANGUAGE_STANDARD = gnu99;
				GCC_DYNAMIC_NO_PIC = NO;
				GCC_OPTIMIZATION_LEVEL = 0;
				GCC_PREPROCESSOR_DEFINITIONS = (
					"DEBUG=1",
					"$(inherited)",
				);
				GCC_SYMBOLS_PRIVATE_EXTERN = NO;
				GCC_WARN_ABOUT_RETURN_TYPE = YES;
				GCC_WARN_UNINITIALIZED_AUTOS = YES;
				GCC_WARN_UNUSED_VARIABLE = YES;
				IPHONEOS_DEPLOYMENT_TARGET = 4.3;
				SDKROOT = iphoneos;
				TARGETED_DEVICE_FAMILY = 1;
			};
			name = Debug;
		};
		B89279D9161C264000091333 /* Release */ = {
			isa = XCBuildConfiguration;
			buildSettings = {
				ALWAYS_SEARCH_USER_PATHS = NO;
				CLANG_CXX_LANGUAGE_STANDARD = "gnu++0x";
				CLANG_CXX_LIBRARY = "libc++";
				CLANG_WARN_EMPTY_BODY = YES;
				CLANG_WARN__DUPLICATE_METHOD_MATCH = YES;
				"CODE_SIGN_IDENTITY[sdk=iphoneos*]" = "iPhone Developer";
				COPY_PHASE_STRIP = YES;
				GCC_C_LANGUAGE_STANDARD = gnu99;
				GCC_WARN_ABOUT_RETURN_TYPE = YES;
				GCC_WARN_UNINITIALIZED_AUTOS = YES;
				GCC_WARN_UNUSED_VARIABLE = YES;
				IPHONEOS_DEPLOYMENT_TARGET = 4.3;
				OTHER_CFLAGS = "-DNS_BLOCK_ASSERTIONS=1";
				SDKROOT = iphoneos;
				TARGETED_DEVICE_FAMILY = 1;
				VALIDATE_PRODUCT = YES;
			};
			name = Release;
		};
		B89279DB161C264000091333 /* Debug */ = {
			isa = XCBuildConfiguration;
			buildSettings = {
				CLANG_ENABLE_OBJC_ARC = YES;
				GCC_PRECOMPILE_PREFIX_HEADER = YES;
				GCC_PREFIX_HEADER = "ObjCMiniORM/SupportingFiles/ObjCMiniORM-Prefix.pch";
				INFOPLIST_FILE = "$(SRCROOT)/ObjCMiniORM/SupportingFIles/ObjCMiniORM-Info.plist";
				IPHONEOS_DEPLOYMENT_TARGET = 4.3;
				PRODUCT_NAME = "$(TARGET_NAME)";
				WRAPPER_EXTENSION = app;
			};
			name = Debug;
		};
		B89279DC161C264000091333 /* Release */ = {
			isa = XCBuildConfiguration;
			buildSettings = {
				CLANG_ENABLE_OBJC_ARC = YES;
				GCC_PRECOMPILE_PREFIX_HEADER = YES;
				GCC_PREFIX_HEADER = "ObjCMiniORM/SupportingFiles/ObjCMiniORM-Prefix.pch";
				INFOPLIST_FILE = "$(SRCROOT)/ObjCMiniORM/SupportingFIles/ObjCMiniORM-Info.plist";
				IPHONEOS_DEPLOYMENT_TARGET = 4.3;
				PRODUCT_NAME = "$(TARGET_NAME)";
				WRAPPER_EXTENSION = app;
			};
			name = Release;
		};
		B89279DE161C264000091333 /* Debug */ = {
			isa = XCBuildConfiguration;
			buildSettings = {
				BUNDLE_LOADER = "$(BUILT_PRODUCTS_DIR)/ObjCMiniORM.app/ObjCMiniORM";
				CLANG_ENABLE_OBJC_ARC = YES;
				FRAMEWORK_SEARCH_PATHS = (
					"\"$(SDKROOT)/Developer/Library/Frameworks\"",
					"\"$(DEVELOPER_LIBRARY_DIR)/Frameworks\"",
				);
				GCC_PRECOMPILE_PREFIX_HEADER = YES;
				GCC_PREFIX_HEADER = "ObjCMiniORM/SupportingFiles/ObjCMiniORM-Prefix.pch";
				INFOPLIST_FILE = "ObjCMiniORMTests/ObjCMiniORMTests-Info.plist";
				PRODUCT_NAME = "$(TARGET_NAME)";
				TEST_HOST = "$(BUNDLE_LOADER)";
				WRAPPER_EXTENSION = octest;
			};
			name = Debug;
		};
		B89279DF161C264000091333 /* Release */ = {
			isa = XCBuildConfiguration;
			buildSettings = {
				BUNDLE_LOADER = "$(BUILT_PRODUCTS_DIR)/ObjCMiniORM.app/ObjCMiniORM";
				CLANG_ENABLE_OBJC_ARC = YES;
				FRAMEWORK_SEARCH_PATHS = (
					"\"$(SDKROOT)/Developer/Library/Frameworks\"",
					"\"$(DEVELOPER_LIBRARY_DIR)/Frameworks\"",
				);
				GCC_PRECOMPILE_PREFIX_HEADER = YES;
				GCC_PREFIX_HEADER = "ObjCMiniORM/SupportingFiles/ObjCMiniORM-Prefix.pch";
				INFOPLIST_FILE = "ObjCMiniORMTests/ObjCMiniORMTests-Info.plist";
				PRODUCT_NAME = "$(TARGET_NAME)";
				TEST_HOST = "$(BUNDLE_LOADER)";
				WRAPPER_EXTENSION = octest;
			};
			name = Release;
		};
/* End XCBuildConfiguration section */

/* Begin XCConfigurationList section */
		B89279A1161C263F00091333 /* Build configuration list for PBXProject "ObjCMiniORM" */ = {
			isa = XCConfigurationList;
			buildConfigurations = (
				B89279D8161C264000091333 /* Debug */,
				B89279D9161C264000091333 /* Release */,
			);
			defaultConfigurationIsVisible = 0;
			defaultConfigurationName = Release;
		};
		B89279DA161C264000091333 /* Build configuration list for PBXNativeTarget "ObjCMiniORM" */ = {
			isa = XCConfigurationList;
			buildConfigurations = (
				B89279DB161C264000091333 /* Debug */,
				B89279DC161C264000091333 /* Release */,
			);
			defaultConfigurationIsVisible = 0;
			defaultConfigurationName = Release;
		};
		B89279DD161C264000091333 /* Build configuration list for PBXNativeTarget "ObjCMiniORMTests" */ = {
			isa = XCConfigurationList;
			buildConfigurations = (
				B89279DE161C264000091333 /* Debug */,
				B89279DF161C264000091333 /* Release */,
			);
			defaultConfigurationIsVisible = 0;
			defaultConfigurationName = Release;
		};
/* End XCConfigurationList section */
	};
	rootObject = B892799E161C263F00091333 /* Project object */;
}
